// !$*UTF8*$!
{
	archiveVersion = 1;
	classes = {
	};
	objectVersion = 56;
	objects = {

/* Begin PBXBuildFile section */
		DADD4AD32B7BA372001B38E3 /* SwiftUIEarthquakesApp.swift in Sources */ = {isa = PBXBuildFile; fileRef = DADD4AD22B7BA372001B38E3 /* SwiftUIEarthquakesApp.swift */; };
		DADD4AD72B7BA377001B38E3 /* Assets.xcassets in Resources */ = {isa = PBXBuildFile; fileRef = DADD4AD62B7BA377001B38E3 /* Assets.xcassets */; };
		DADD4ADA2B7BA377001B38E3 /* Preview Assets.xcassets in Resources */ = {isa = PBXBuildFile; fileRef = DADD4AD92B7BA377001B38E3 /* Preview Assets.xcassets */; };
		DADD4AE22B7BA3B7001B38E3 /* Quake.swift in Sources */ = {isa = PBXBuildFile; fileRef = DADD4AE12B7BA3B7001B38E3 /* Quake.swift */; };
		DADD4AE42B7BA3EB001B38E3 /* Quake+Color.swift in Sources */ = {isa = PBXBuildFile; fileRef = DADD4AE32B7BA3EB001B38E3 /* Quake+Color.swift */; };
		DADD4AE62B7BA450001B38E3 /* Quakes.swift in Sources */ = {isa = PBXBuildFile; fileRef = DADD4AE52B7BA450001B38E3 /* Quakes.swift */; };
		DADD4AE92B7BA495001B38E3 /* QuakeRow.swift in Sources */ = {isa = PBXBuildFile; fileRef = DADD4AE82B7BA495001B38E3 /* QuakeRow.swift */; };
		DADD4AEB2B7BA4C2001B38E3 /* QuakeMagnitude.swift in Sources */ = {isa = PBXBuildFile; fileRef = DADD4AEA2B7BA4C2001B38E3 /* QuakeMagnitude.swift */; };
		DADD4AEE2B7BA514001B38E3 /* Quakes+Toolbar.swift in Sources */ = {isa = PBXBuildFile; fileRef = DADD4AED2B7BA514001B38E3 /* Quakes+Toolbar.swift */; };
		DADD4AF02B7BB4FA001B38E3 /* SelectButton.swift in Sources */ = {isa = PBXBuildFile; fileRef = DADD4AEF2B7BB4FA001B38E3 /* SelectButton.swift */; };
		DADD4AF22B7BB877001B38E3 /* EditButton.swift in Sources */ = {isa = PBXBuildFile; fileRef = DADD4AF12B7BB877001B38E3 /* EditButton.swift */; };
		DADD4AF42B7BB8CC001B38E3 /* RefreshButton.swift in Sources */ = {isa = PBXBuildFile; fileRef = DADD4AF32B7BB8CC001B38E3 /* RefreshButton.swift */; };
		DADD4AF62B7BB8E7001B38E3 /* ToolbarStatus.swift in Sources */ = {isa = PBXBuildFile; fileRef = DADD4AF52B7BB8E7001B38E3 /* ToolbarStatus.swift */; };
		DADD4AF82B7BB8FB001B38E3 /* DeleteButton.swift in Sources */ = {isa = PBXBuildFile; fileRef = DADD4AF72B7BB8FB001B38E3 /* DeleteButton.swift */; };
		DADD4AFA2B7BBE77001B38E3 /* QuakeError.swift in Sources */ = {isa = PBXBuildFile; fileRef = DADD4AF92B7BBE77001B38E3 /* QuakeError.swift */; };
		DADD4AFC2B7BC064001B38E3 /* GeoJSON.swift in Sources */ = {isa = PBXBuildFile; fileRef = DADD4AFB2B7BC064001B38E3 /* GeoJSON.swift */; };
		DADD4AFE2B7BCB61001B38E3 /* HTTPDataDownloader.swift in Sources */ = {isa = PBXBuildFile; fileRef = DADD4AFD2B7BCB61001B38E3 /* HTTPDataDownloader.swift */; };
		DADD4B002B7BCDD0001B38E3 /* QuakeClient.swift in Sources */ = {isa = PBXBuildFile; fileRef = DADD4AFF2B7BCDD0001B38E3 /* QuakeClient.swift */; };
		DADD4B022B7BD020001B38E3 /* QuakesProvider.swift in Sources */ = {isa = PBXBuildFile; fileRef = DADD4B012B7BD020001B38E3 /* QuakesProvider.swift */; };
		DADD4B042B7BDA2C001B38E3 /* CacheEntryObject.swift in Sources */ = {isa = PBXBuildFile; fileRef = DADD4B032B7BDA2C001B38E3 /* CacheEntryObject.swift */; };
		DADD4B062B7BDAD6001B38E3 /* QuakeLocation.swift in Sources */ = {isa = PBXBuildFile; fileRef = DADD4B052B7BDAD6001B38E3 /* QuakeLocation.swift */; };
		DADD4B082B7BE835001B38E3 /* NSCache+Subscript.swift in Sources */ = {isa = PBXBuildFile; fileRef = DADD4B072B7BE835001B38E3 /* NSCache+Subscript.swift */; };
		DADD4B0A2B7CFF4C001B38E3 /* QuakeDetail.swift in Sources */ = {isa = PBXBuildFile; fileRef = DADD4B092B7CFF4C001B38E3 /* QuakeDetail.swift */; };
		DADD4B0E2B7D019D001B38E3 /* QakeDetailMap.swift in Sources */ = {isa = PBXBuildFile; fileRef = DADD4B0D2B7D019D001B38E3 /* QakeDetailMap.swift */; };
/* End PBXBuildFile section */

/* Begin PBXFileReference section */
		DADD4ACF2B7BA372001B38E3 /* SwiftUIEarthquakes.app */ = {isa = PBXFileReference; explicitFileType = wrapper.application; includeInIndex = 0; path = SwiftUIEarthquakes.app; sourceTree = BUILT_PRODUCTS_DIR; };
		DADD4AD22B7BA372001B38E3 /* SwiftUIEarthquakesApp.swift */ = {isa = PBXFileReference; lastKnownFileType = sourcecode.swift; path = SwiftUIEarthquakesApp.swift; sourceTree = "<group>"; };
		DADD4AD62B7BA377001B38E3 /* Assets.xcassets */ = {isa = PBXFileReference; lastKnownFileType = folder.assetcatalog; path = Assets.xcassets; sourceTree = "<group>"; };
		DADD4AD92B7BA377001B38E3 /* Preview Assets.xcassets */ = {isa = PBXFileReference; lastKnownFileType = folder.assetcatalog; path = "Preview Assets.xcassets"; sourceTree = "<group>"; };
		DADD4AE12B7BA3B7001B38E3 /* Quake.swift */ = {isa = PBXFileReference; lastKnownFileType = sourcecode.swift; path = Quake.swift; sourceTree = "<group>"; };
		DADD4AE32B7BA3EB001B38E3 /* Quake+Color.swift */ = {isa = PBXFileReference; lastKnownFileType = sourcecode.swift; path = "Quake+Color.swift"; sourceTree = "<group>"; };
		DADD4AE52B7BA450001B38E3 /* Quakes.swift */ = {isa = PBXFileReference; lastKnownFileType = sourcecode.swift; path = Quakes.swift; sourceTree = "<group>"; };
		DADD4AE82B7BA495001B38E3 /* QuakeRow.swift */ = {isa = PBXFileReference; lastKnownFileType = sourcecode.swift; path = QuakeRow.swift; sourceTree = "<group>"; };
		DADD4AEA2B7BA4C2001B38E3 /* QuakeMagnitude.swift */ = {isa = PBXFileReference; lastKnownFileType = sourcecode.swift; path = QuakeMagnitude.swift; sourceTree = "<group>"; };
		DADD4AED2B7BA514001B38E3 /* Quakes+Toolbar.swift */ = {isa = PBXFileReference; lastKnownFileType = sourcecode.swift; path = "Quakes+Toolbar.swift"; sourceTree = "<group>"; };
		DADD4AEF2B7BB4FA001B38E3 /* SelectButton.swift */ = {isa = PBXFileReference; lastKnownFileType = sourcecode.swift; path = SelectButton.swift; sourceTree = "<group>"; };
		DADD4AF12B7BB877001B38E3 /* EditButton.swift */ = {isa = PBXFileReference; lastKnownFileType = sourcecode.swift; path = EditButton.swift; sourceTree = "<group>"; };
		DADD4AF32B7BB8CC001B38E3 /* RefreshButton.swift */ = {isa = PBXFileReference; lastKnownFileType = sourcecode.swift; path = RefreshButton.swift; sourceTree = "<group>"; };
		DADD4AF52B7BB8E7001B38E3 /* ToolbarStatus.swift */ = {isa = PBXFileReference; lastKnownFileType = sourcecode.swift; path = ToolbarStatus.swift; sourceTree = "<group>"; };
		DADD4AF72B7BB8FB001B38E3 /* DeleteButton.swift */ = {isa = PBXFileReference; lastKnownFileType = sourcecode.swift; path = DeleteButton.swift; sourceTree = "<group>"; };
		DADD4AF92B7BBE77001B38E3 /* QuakeError.swift */ = {isa = PBXFileReference; lastKnownFileType = sourcecode.swift; path = QuakeError.swift; sourceTree = "<group>"; };
		DADD4AFB2B7BC064001B38E3 /* GeoJSON.swift */ = {isa = PBXFileReference; lastKnownFileType = sourcecode.swift; path = GeoJSON.swift; sourceTree = "<group>"; };
		DADD4AFD2B7BCB61001B38E3 /* HTTPDataDownloader.swift */ = {isa = PBXFileReference; lastKnownFileType = sourcecode.swift; path = HTTPDataDownloader.swift; sourceTree = "<group>"; };
		DADD4AFF2B7BCDD0001B38E3 /* QuakeClient.swift */ = {isa = PBXFileReference; lastKnownFileType = sourcecode.swift; path = QuakeClient.swift; sourceTree = "<group>"; };
		DADD4B012B7BD020001B38E3 /* QuakesProvider.swift */ = {isa = PBXFileReference; lastKnownFileType = sourcecode.swift; path = QuakesProvider.swift; sourceTree = "<group>"; };
		DADD4B032B7BDA2C001B38E3 /* CacheEntryObject.swift */ = {isa = PBXFileReference; lastKnownFileType = sourcecode.swift; path = CacheEntryObject.swift; sourceTree = "<group>"; };
		DADD4B052B7BDAD6001B38E3 /* QuakeLocation.swift */ = {isa = PBXFileReference; lastKnownFileType = sourcecode.swift; path = QuakeLocation.swift; sourceTree = "<group>"; };
		DADD4B072B7BE835001B38E3 /* NSCache+Subscript.swift */ = {isa = PBXFileReference; lastKnownFileType = sourcecode.swift; path = "NSCache+Subscript.swift"; sourceTree = "<group>"; };
		DADD4B092B7CFF4C001B38E3 /* QuakeDetail.swift */ = {isa = PBXFileReference; lastKnownFileType = sourcecode.swift; path = QuakeDetail.swift; sourceTree = "<group>"; };
		DADD4B0D2B7D019D001B38E3 /* QakeDetailMap.swift */ = {isa = PBXFileReference; lastKnownFileType = sourcecode.swift; path = QakeDetailMap.swift; sourceTree = "<group>"; };
/* End PBXFileReference section */

/* Begin PBXFrameworksBuildPhase section */
		DADD4ACC2B7BA372001B38E3 /* Frameworks */ = {
			isa = PBXFrameworksBuildPhase;
			buildActionMask = 2147483647;
			files = (
			);
			runOnlyForDeploymentPostprocessing = 0;
		};
/* End PBXFrameworksBuildPhase section */

/* Begin PBXGroup section */
		DADD4AC62B7BA372001B38E3 = {
			isa = PBXGroup;
			children = (
				DADD4AE72B7BA454001B38E3 /* Views */,
				DADD4AE02B7BA3A3001B38E3 /* Models */,
				DADD4AD12B7BA372001B38E3 /* SwiftUIEarthquakes */,
				DADD4AD02B7BA372001B38E3 /* Products */,
			);
			sourceTree = "<group>";
		};
		DADD4AD02B7BA372001B38E3 /* Products */ = {
			isa = PBXGroup;
			children = (
				DADD4ACF2B7BA372001B38E3 /* SwiftUIEarthquakes.app */,
			);
			name = Products;
			sourceTree = "<group>";
		};
		DADD4AD12B7BA372001B38E3 /* SwiftUIEarthquakes */ = {
			isa = PBXGroup;
			children = (
				DADD4AD22B7BA372001B38E3 /* SwiftUIEarthquakesApp.swift */,
				DADD4AD62B7BA377001B38E3 /* Assets.xcassets */,
				DADD4AD82B7BA377001B38E3 /* Preview Content */,
			);
			path = SwiftUIEarthquakes;
			sourceTree = "<group>";
		};
		DADD4AD82B7BA377001B38E3 /* Preview Content */ = {
			isa = PBXGroup;
			children = (
				DADD4AD92B7BA377001B38E3 /* Preview Assets.xcassets */,
			);
			path = "Preview Content";
			sourceTree = "<group>";
		};
		DADD4AE02B7BA3A3001B38E3 /* Models */ = {
			isa = PBXGroup;
			children = (
				DADD4AE12B7BA3B7001B38E3 /* Quake.swift */,
				DADD4B052B7BDAD6001B38E3 /* QuakeLocation.swift */,
				DADD4AFF2B7BCDD0001B38E3 /* QuakeClient.swift */,
				DADD4B012B7BD020001B38E3 /* QuakesProvider.swift */,
				DADD4AFB2B7BC064001B38E3 /* GeoJSON.swift */,
				DADD4AE32B7BA3EB001B38E3 /* Quake+Color.swift */,
				DADD4AF92B7BBE77001B38E3 /* QuakeError.swift */,
				DADD4AFD2B7BCB61001B38E3 /* HTTPDataDownloader.swift */,
				DADD4B032B7BDA2C001B38E3 /* CacheEntryObject.swift */,
				DADD4B072B7BE835001B38E3 /* NSCache+Subscript.swift */,
			);
			path = Models;
			sourceTree = "<group>";
		};
		DADD4AE72B7BA454001B38E3 /* Views */ = {
			isa = PBXGroup;
			children = (
				DADD4AEC2B7BA4EA001B38E3 /* ToolbarContent */,
				DADD4AE52B7BA450001B38E3 /* Quakes.swift */,
				DADD4AE82B7BA495001B38E3 /* QuakeRow.swift */,
				DADD4AEA2B7BA4C2001B38E3 /* QuakeMagnitude.swift */,
			);
			path = Views;
			sourceTree = "<group>";
		};
		DADD4AEC2B7BA4EA001B38E3 /* ToolbarContent */ = {
			isa = PBXGroup;
			children = (
				DADD4AED2B7BA514001B38E3 /* Quakes+Toolbar.swift */,
				DADD4AEF2B7BB4FA001B38E3 /* SelectButton.swift */,
				DADD4AF12B7BB877001B38E3 /* EditButton.swift */,
				DADD4AF32B7BB8CC001B38E3 /* RefreshButton.swift */,
				DADD4AF52B7BB8E7001B38E3 /* ToolbarStatus.swift */,
				DADD4AF72B7BB8FB001B38E3 /* DeleteButton.swift */,
				DADD4B092B7CFF4C001B38E3 /* QuakeDetail.swift */,
				DADD4B0D2B7D019D001B38E3 /* QakeDetailMap.swift */,
			);
			path = ToolbarContent;
			sourceTree = "<group>";
		};
/* End PBXGroup section */

/* Begin PBXNativeTarget section */
		DADD4ACE2B7BA372001B38E3 /* SwiftUIEarthquakes */ = {
			isa = PBXNativeTarget;
			buildConfigurationList = DADD4ADD2B7BA377001B38E3 /* Build configuration list for PBXNativeTarget "SwiftUIEarthquakes" */;
			buildPhases = (
				DADD4ACB2B7BA372001B38E3 /* Sources */,
				DADD4ACC2B7BA372001B38E3 /* Frameworks */,
				DADD4ACD2B7BA372001B38E3 /* Resources */,
			);
			buildRules = (
			);
			dependencies = (
			);
			name = SwiftUIEarthquakes;
			productName = SwiftUIEarthquakes;
			productReference = DADD4ACF2B7BA372001B38E3 /* SwiftUIEarthquakes.app */;
			productType = "com.apple.product-type.application";
		};
/* End PBXNativeTarget section */

/* Begin PBXProject section */
		DADD4AC72B7BA372001B38E3 /* Project object */ = {
			isa = PBXProject;
			attributes = {
				BuildIndependentTargetsInParallel = 1;
				LastSwiftUpdateCheck = 1520;
				LastUpgradeCheck = 1520;
				TargetAttributes = {
					DADD4ACE2B7BA372001B38E3 = {
						CreatedOnToolsVersion = 15.2;
					};
				};
			};
			buildConfigurationList = DADD4ACA2B7BA372001B38E3 /* Build configuration list for PBXProject "SwiftUIEarthquakes" */;
			compatibilityVersion = "Xcode 14.0";
			developmentRegion = en;
			hasScannedForEncodings = 0;
			knownRegions = (
				en,
				Base,
			);
			mainGroup = DADD4AC62B7BA372001B38E3;
			productRefGroup = DADD4AD02B7BA372001B38E3 /* Products */;
			projectDirPath = "";
			projectRoot = "";
			targets = (
				DADD4ACE2B7BA372001B38E3 /* SwiftUIEarthquakes */,
			);
		};
/* End PBXProject section */

/* Begin PBXResourcesBuildPhase section */
		DADD4ACD2B7BA372001B38E3 /* Resources */ = {
			isa = PBXResourcesBuildPhase;
			buildActionMask = 2147483647;
			files = (
				DADD4ADA2B7BA377001B38E3 /* Preview Assets.xcassets in Resources */,
				DADD4AD72B7BA377001B38E3 /* Assets.xcassets in Resources */,
			);
			runOnlyForDeploymentPostprocessing = 0;
		};
/* End PBXResourcesBuildPhase section */

/* Begin PBXSourcesBuildPhase section */
		DADD4ACB2B7BA372001B38E3 /* Sources */ = {
			isa = PBXSourcesBuildPhase;
			buildActionMask = 2147483647;
			files = (
				DADD4B022B7BD020001B38E3 /* QuakesProvider.swift in Sources */,
				DADD4AF02B7BB4FA001B38E3 /* SelectButton.swift in Sources */,
				DADD4AF62B7BB8E7001B38E3 /* ToolbarStatus.swift in Sources */,
				DADD4AE42B7BA3EB001B38E3 /* Quake+Color.swift in Sources */,
				DADD4B0A2B7CFF4C001B38E3 /* QuakeDetail.swift in Sources */,
				DADD4B042B7BDA2C001B38E3 /* CacheEntryObject.swift in Sources */,
				DADD4B082B7BE835001B38E3 /* NSCache+Subscript.swift in Sources */,
				DADD4AF42B7BB8CC001B38E3 /* RefreshButton.swift in Sources */,
				DADD4AFC2B7BC064001B38E3 /* GeoJSON.swift in Sources */,
				DADD4B062B7BDAD6001B38E3 /* QuakeLocation.swift in Sources */,
				DADD4AEB2B7BA4C2001B38E3 /* QuakeMagnitude.swift in Sources */,
				DADD4AE22B7BA3B7001B38E3 /* Quake.swift in Sources */,
				DADD4AF22B7BB877001B38E3 /* EditButton.swift in Sources */,
				DADD4AFA2B7BBE77001B38E3 /* QuakeError.swift in Sources */,
				DADD4AE62B7BA450001B38E3 /* Quakes.swift in Sources */,
				DADD4AF82B7BB8FB001B38E3 /* DeleteButton.swift in Sources */,
				DADD4AFE2B7BCB61001B38E3 /* HTTPDataDownloader.swift in Sources */,
				DADD4B0E2B7D019D001B38E3 /* QakeDetailMap.swift in Sources */,
				DADD4AE92B7BA495001B38E3 /* QuakeRow.swift in Sources */,
				DADD4B002B7BCDD0001B38E3 /* QuakeClient.swift in Sources */,
				DADD4AD32B7BA372001B38E3 /* SwiftUIEarthquakesApp.swift in Sources */,
				DADD4AEE2B7BA514001B38E3 /* Quakes+Toolbar.swift in Sources */,
			);
			runOnlyForDeploymentPostprocessing = 0;
		};
/* End PBXSourcesBuildPhase section */

/* Begin XCBuildConfiguration section */
		DADD4ADB2B7BA377001B38E3 /* Debug */ = {
			isa = XCBuildConfiguration;
			buildSettings = {
				ALWAYS_SEARCH_USER_PATHS = NO;
				ASSETCATALOG_COMPILER_GENERATE_SWIFT_ASSET_SYMBOL_EXTENSIONS = YES;
				CLANG_ANALYZER_NONNULL = YES;
				CLANG_ANALYZER_NUMBER_OBJECT_CONVERSION = YES_AGGRESSIVE;
				CLANG_CXX_LANGUAGE_STANDARD = "gnu++20";
				CLANG_ENABLE_MODULES = YES;
				CLANG_ENABLE_OBJC_ARC = YES;
				CLANG_ENABLE_OBJC_WEAK = YES;
				CLANG_WARN_BLOCK_CAPTURE_AUTORELEASING = YES;
				CLANG_WARN_BOOL_CONVERSION = YES;
				CLANG_WARN_COMMA = YES;
				CLANG_WARN_CONSTANT_CONVERSION = YES;
				CLANG_WARN_DEPRECATED_OBJC_IMPLEMENTATIONS = YES;
				CLANG_WARN_DIRECT_OBJC_ISA_USAGE = YES_ERROR;
				CLANG_WARN_DOCUMENTATION_COMMENTS = YES;
				CLANG_WARN_EMPTY_BODY = YES;
				CLANG_WARN_ENUM_CONVERSION = YES;
				CLANG_WARN_INFINITE_RECURSION = YES;
				CLANG_WARN_INT_CONVERSION = YES;
				CLANG_WARN_NON_LITERAL_NULL_CONVERSION = YES;
				CLANG_WARN_OBJC_IMPLICIT_RETAIN_SELF = YES;
				CLANG_WARN_OBJC_LITERAL_CONVERSION = YES;
				CLANG_WARN_OBJC_ROOT_CLASS = YES_ERROR;
				CLANG_WARN_QUOTED_INCLUDE_IN_FRAMEWORK_HEADER = YES;
				CLANG_WARN_RANGE_LOOP_ANALYSIS = YES;
				CLANG_WARN_STRICT_PROTOTYPES = YES;
				CLANG_WARN_SUSPICIOUS_MOVE = YES;
				CLANG_WARN_UNGUARDED_AVAILABILITY = YES_AGGRESSIVE;
				CLANG_WARN_UNREACHABLE_CODE = YES;
				CLANG_WARN__DUPLICATE_METHOD_MATCH = YES;
				COPY_PHASE_STRIP = NO;
				DEBUG_INFORMATION_FORMAT = dwarf;
				ENABLE_STRICT_OBJC_MSGSEND = YES;
				ENABLE_TESTABILITY = YES;
				ENABLE_USER_SCRIPT_SANDBOXING = YES;
				GCC_C_LANGUAGE_STANDARD = gnu17;
				GCC_DYNAMIC_NO_PIC = NO;
				GCC_NO_COMMON_BLOCKS = YES;
				GCC_OPTIMIZATION_LEVEL = 0;
				GCC_PREPROCESSOR_DEFINITIONS = (
					"DEBUG=1",
					"$(inherited)",
				);
				GCC_WARN_64_TO_32_BIT_CONVERSION = YES;
				GCC_WARN_ABOUT_RETURN_TYPE = YES_ERROR;
				GCC_WARN_UNDECLARED_SELECTOR = YES;
				GCC_WARN_UNINITIALIZED_AUTOS = YES_AGGRESSIVE;
				GCC_WARN_UNUSED_FUNCTION = YES;
				GCC_WARN_UNUSED_VARIABLE = YES;
				IPHONEOS_DEPLOYMENT_TARGET = 17.2;
				LOCALIZATION_PREFERS_STRING_CATALOGS = YES;
				MTL_ENABLE_DEBUG_INFO = INCLUDE_SOURCE;
				MTL_FAST_MATH = YES;
				ONLY_ACTIVE_ARCH = YES;
				SDKROOT = iphoneos;
				SWIFT_ACTIVE_COMPILATION_CONDITIONS = "DEBUG $(inherited)";
				SWIFT_OPTIMIZATION_LEVEL = "-Onone";
			};
			name = Debug;
		};
		DADD4ADC2B7BA377001B38E3 /* Release */ = {
			isa = XCBuildConfiguration;
			buildSettings = {
				ALWAYS_SEARCH_USER_PATHS = NO;
				ASSETCATALOG_COMPILER_GENERATE_SWIFT_ASSET_SYMBOL_EXTENSIONS = YES;
				CLANG_ANALYZER_NONNULL = YES;
				CLANG_ANALYZER_NUMBER_OBJECT_CONVERSION = YES_AGGRESSIVE;
				CLANG_CXX_LANGUAGE_STANDARD = "gnu++20";
				CLANG_ENABLE_MODULES = YES;
				CLANG_ENABLE_OBJC_ARC = YES;
				CLANG_ENABLE_OBJC_WEAK = YES;
				CLANG_WARN_BLOCK_CAPTURE_AUTORELEASING = YES;
				CLANG_WARN_BOOL_CONVERSION = YES;
				CLANG_WARN_COMMA = YES;
				CLANG_WARN_CONSTANT_CONVERSION = YES;
				CLANG_WARN_DEPRECATED_OBJC_IMPLEMENTATIONS = YES;
				CLANG_WARN_DIRECT_OBJC_ISA_USAGE = YES_ERROR;
				CLANG_WARN_DOCUMENTATION_COMMENTS = YES;
				CLANG_WARN_EMPTY_BODY = YES;
				CLANG_WARN_ENUM_CONVERSION = YES;
				CLANG_WARN_INFINITE_RECURSION = YES;
				CLANG_WARN_INT_CONVERSION = YES;
				CLANG_WARN_NON_LITERAL_NULL_CONVERSION = YES;
				CLANG_WARN_OBJC_IMPLICIT_RETAIN_SELF = YES;
				CLANG_WARN_OBJC_LITERAL_CONVERSION = YES;
				CLANG_WARN_OBJC_ROOT_CLASS = YES_ERROR;
				CLANG_WARN_QUOTED_INCLUDE_IN_FRAMEWORK_HEADER = YES;
				CLANG_WARN_RANGE_LOOP_ANALYSIS = YES;
				CLANG_WARN_STRICT_PROTOTYPES = YES;
				CLANG_WARN_SUSPICIOUS_MOVE = YES;
				CLANG_WARN_UNGUARDED_AVAILABILITY = YES_AGGRESSIVE;
				CLANG_WARN_UNREACHABLE_CODE = YES;
				CLANG_WARN__DUPLICATE_METHOD_MATCH = YES;
				COPY_PHASE_STRIP = NO;
				DEBUG_INFORMATION_FORMAT = "dwarf-with-dsym";
				ENABLE_NS_ASSERTIONS = NO;
				ENABLE_STRICT_OBJC_MSGSEND = YES;
				ENABLE_USER_SCRIPT_SANDBOXING = YES;
				GCC_C_LANGUAGE_STANDARD = gnu17;
				GCC_NO_COMMON_BLOCKS = YES;
				GCC_WARN_64_TO_32_BIT_CONVERSION = YES;
				GCC_WARN_ABOUT_RETURN_TYPE = YES_ERROR;
				GCC_WARN_UNDECLARED_SELECTOR = YES;
				GCC_WARN_UNINITIALIZED_AUTOS = YES_AGGRESSIVE;
				GCC_WARN_UNUSED_FUNCTION = YES;
				GCC_WARN_UNUSED_VARIABLE = YES;
				IPHONEOS_DEPLOYMENT_TARGET = 17.2;
				LOCALIZATION_PREFERS_STRING_CATALOGS = YES;
				MTL_ENABLE_DEBUG_INFO = NO;
				MTL_FAST_MATH = YES;
				SDKROOT = iphoneos;
				SWIFT_COMPILATION_MODE = wholemodule;
				VALIDATE_PRODUCT = YES;
			};
			name = Release;
		};
		DADD4ADE2B7BA377001B38E3 /* Debug */ = {
			isa = XCBuildConfiguration;
			buildSettings = {
				ASSETCATALOG_COMPILER_APPICON_NAME = AppIcon;
				ASSETCATALOG_COMPILER_GLOBAL_ACCENT_COLOR_NAME = AccentColor;
				CODE_SIGN_STYLE = Automatic;
				CURRENT_PROJECT_VERSION = 1;
				DEVELOPMENT_ASSET_PATHS = "\"SwiftUIEarthquakes/Preview Content\"";
				DEVELOPMENT_TEAM = BG8CHM22AC;
				ENABLE_PREVIEWS = YES;
				GENERATE_INFOPLIST_FILE = YES;
				INFOPLIST_KEY_UIApplicationSceneManifest_Generation = YES;
				INFOPLIST_KEY_UIApplicationSupportsIndirectInputEvents = YES;
				INFOPLIST_KEY_UILaunchScreen_Generation = YES;
				INFOPLIST_KEY_UISupportedInterfaceOrientations_iPad = "UIInterfaceOrientationPortrait UIInterfaceOrientationPortraitUpsideDown UIInterfaceOrientationLandscapeLeft UIInterfaceOrientationLandscapeRight";
				INFOPLIST_KEY_UISupportedInterfaceOrientations_iPhone = "UIInterfaceOrientationPortrait UIInterfaceOrientationLandscapeLeft UIInterfaceOrientationLandscapeRight";
				IPHONEOS_DEPLOYMENT_TARGET = 16.0;
				LD_RUNPATH_SEARCH_PATHS = (
					"$(inherited)",
					"@executable_path/Frameworks",
				);
				MARKETING_VERSION = 1.0;
				PRODUCT_BUNDLE_IDENTIFIER = com.Awakenone1.SwiftUIEarthquakes;
				PRODUCT_NAME = "$(TARGET_NAME)";
				SWIFT_EMIT_LOC_STRINGS = YES;
				SWIFT_VERSION = 5.0;
				TARGETED_DEVICE_FAMILY = "1,2";
			};
			name = Debug;
		};
		DADD4ADF2B7BA377001B38E3 /* Release */ = {
			isa = XCBuildConfiguration;
			buildSettings = {
				ASSETCATALOG_COMPILER_APPICON_NAME = AppIcon;
				ASSETCATALOG_COMPILER_GLOBAL_ACCENT_COLOR_NAME = AccentColor;
				CODE_SIGN_STYLE = Automatic;
				CURRENT_PROJECT_VERSION = 1;
				DEVELOPMENT_ASSET_PATHS = "\"SwiftUIEarthquakes/Preview Content\"";
				DEVELOPMENT_TEAM = BG8CHM22AC;
				ENABLE_PREVIEWS = YES;
				GENERATE_INFOPLIST_FILE = YES;
				INFOPLIST_KEY_UIApplicationSceneManifest_Generation = YES;
				INFOPLIST_KEY_UIApplicationSupportsIndirectInputEvents = YES;
				INFOPLIST_KEY_UILaunchScreen_Generation = YES;
				INFOPLIST_KEY_UISupportedInterfaceOrientations_iPad = "UIInterfaceOrientationPortrait UIInterfaceOrientationPortraitUpsideDown UIInterfaceOrientationLandscapeLeft UIInterfaceOrientationLandscapeRight";
				INFOPLIST_KEY_UISupportedInterfaceOrientations_iPhone = "UIInterfaceOrientationPortrait UIInterfaceOrientationLandscapeLeft UIInterfaceOrientationLandscapeRight";
				IPHONEOS_DEPLOYMENT_TARGET = 16.0;
				LD_RUNPATH_SEARCH_PATHS = (
					"$(inherited)",
					"@executable_path/Frameworks",
				);
				MARKETING_VERSION = 1.0;
				PRODUCT_BUNDLE_IDENTIFIER = com.Awakenone1.SwiftUIEarthquakes;
				PRODUCT_NAME = "$(TARGET_NAME)";
				SWIFT_EMIT_LOC_STRINGS = YES;
				SWIFT_VERSION = 5.0;
				TARGETED_DEVICE_FAMILY = "1,2";
			};
			name = Release;
		};
/* End XCBuildConfiguration section */

/* Begin XCConfigurationList section */
		DADD4ACA2B7BA372001B38E3 /* Build configuration list for PBXProject "SwiftUIEarthquakes" */ = {
			isa = XCConfigurationList;
			buildConfigurations = (
				DADD4ADB2B7BA377001B38E3 /* Debug */,
				DADD4ADC2B7BA377001B38E3 /* Release */,
			);
			defaultConfigurationIsVisible = 0;
			defaultConfigurationName = Release;
		};
		DADD4ADD2B7BA377001B38E3 /* Build configuration list for PBXNativeTarget "SwiftUIEarthquakes" */ = {
			isa = XCConfigurationList;
			buildConfigurations = (
				DADD4ADE2B7BA377001B38E3 /* Debug */,
				DADD4ADF2B7BA377001B38E3 /* Release */,
			);
			defaultConfigurationIsVisible = 0;
			defaultConfigurationName = Release;
		};
/* End XCConfigurationList section */
	};
	rootObject = DADD4AC72B7BA372001B38E3 /* Project object */;
}
